// !$*UTF8*$!
{
	archiveVersion = 1;
	classes = {
	};
	objectVersion = 50;
	objects = {

/* Begin PBXBuildFile section */
		D726D3BA25BA6666002FDF9A /* AppDelegate.swift in Sources */ = {isa = PBXBuildFile; fileRef = D726D3B925BA6666002FDF9A /* AppDelegate.swift */; };
		D726D3BC25BA6666002FDF9A /* SceneDelegate.swift in Sources */ = {isa = PBXBuildFile; fileRef = D726D3BB25BA6666002FDF9A /* SceneDelegate.swift */; };
		D726D3BE25BA6666002FDF9A /* ContentView.swift in Sources */ = {isa = PBXBuildFile; fileRef = D726D3BD25BA6666002FDF9A /* ContentView.swift */; };
		D726D3C125BA6666002FDF9A /* CoreDataTodo.xcdatamodeld in Sources */ = {isa = PBXBuildFile; fileRef = D726D3BF25BA6666002FDF9A /* CoreDataTodo.xcdatamodeld */; };
		D726D3C325BA6667002FDF9A /* Assets.xcassets in Resources */ = {isa = PBXBuildFile; fileRef = D726D3C225BA6667002FDF9A /* Assets.xcassets */; };
		D726D3C625BA6667002FDF9A /* Preview Assets.xcassets in Resources */ = {isa = PBXBuildFile; fileRef = D726D3C525BA6667002FDF9A /* Preview Assets.xcassets */; };
		D726D3C925BA6667002FDF9A /* LaunchScreen.storyboard in Resources */ = {isa = PBXBuildFile; fileRef = D726D3C725BA6667002FDF9A /* LaunchScreen.storyboard */; };
		D726D3D225BA78F6002FDF9A /* ToDoItem.swift in Sources */ = {isa = PBXBuildFile; fileRef = D726D3D125BA78F6002FDF9A /* ToDoItem.swift */; };
		D726D3D925BA8518002FDF9A /* ToDoItemView.swift in Sources */ = {isa = PBXBuildFile; fileRef = D726D3D825BA8518002FDF9A /* ToDoItemView.swift */; };
/* End PBXBuildFile section */

/* Begin PBXFileReference section */
		D726D3B625BA6666002FDF9A /* CoreDataTodo.app */ = {isa = PBXFileReference; explicitFileType = wrapper.application; includeInIndex = 0; path = CoreDataTodo.app; sourceTree = BUILT_PRODUCTS_DIR; };
		D726D3B925BA6666002FDF9A /* AppDelegate.swift */ = {isa = PBXFileReference; lastKnownFileType = sourcecode.swift; path = AppDelegate.swift; sourceTree = "<group>"; };
		D726D3BB25BA6666002FDF9A /* SceneDelegate.swift */ = {isa = PBXFileReference; lastKnownFileType = sourcecode.swift; path = SceneDelegate.swift; sourceTree = "<group>"; };
		D726D3BD25BA6666002FDF9A /* ContentView.swift */ = {isa = PBXFileReference; lastKnownFileType = sourcecode.swift; path = ContentView.swift; sourceTree = "<group>"; };
		D726D3C025BA6666002FDF9A /* CoreDataTodo.xcdatamodel */ = {isa = PBXFileReference; lastKnownFileType = wrapper.xcdatamodel; path = CoreDataTodo.xcdatamodel; sourceTree = "<group>"; };
		D726D3C225BA6667002FDF9A /* Assets.xcassets */ = {isa = PBXFileReference; lastKnownFileType = folder.assetcatalog; path = Assets.xcassets; sourceTree = "<group>"; };
		D726D3C525BA6667002FDF9A /* Preview Assets.xcassets */ = {isa = PBXFileReference; lastKnownFileType = folder.assetcatalog; path = "Preview Assets.xcassets"; sourceTree = "<group>"; };
		D726D3C825BA6667002FDF9A /* Base */ = {isa = PBXFileReference; lastKnownFileType = file.storyboard; name = Base; path = Base.lproj/LaunchScreen.storyboard; sourceTree = "<group>"; };
		D726D3CA25BA6667002FDF9A /* Info.plist */ = {isa = PBXFileReference; lastKnownFileType = text.plist.xml; path = Info.plist; sourceTree = "<group>"; };
		D726D3D125BA78F6002FDF9A /* ToDoItem.swift */ = {isa = PBXFileReference; lastKnownFileType = sourcecode.swift; path = ToDoItem.swift; sourceTree = "<group>"; };
		D726D3D825BA8518002FDF9A /* ToDoItemView.swift */ = {isa = PBXFileReference; lastKnownFileType = sourcecode.swift; path = ToDoItemView.swift; sourceTree = "<group>"; };
/* End PBXFileReference section */

/* Begin PBXFrameworksBuildPhase section */
		D726D3B325BA6666002FDF9A /* Frameworks */ = {
			isa = PBXFrameworksBuildPhase;
			buildActionMask = 2147483647;
			files = (
			);
			runOnlyForDeploymentPostprocessing = 0;
		};
/* End PBXFrameworksBuildPhase section */

/* Begin PBXGroup section */
		D726D3AD25BA6666002FDF9A = {
			isa = PBXGroup;
			children = (
				D726D3B825BA6666002FDF9A /* CoreDataTodo */,
				D726D3B725BA6666002FDF9A /* Products */,
			);
			sourceTree = "<group>";
		};
		D726D3B725BA6666002FDF9A /* Products */ = {
			isa = PBXGroup;
			children = (
				D726D3B625BA6666002FDF9A /* CoreDataTodo.app */,
			);
			name = Products;
			sourceTree = "<group>";
		};
		D726D3B825BA6666002FDF9A /* CoreDataTodo */ = {
			isa = PBXGroup;
			children = (
				D726D3B925BA6666002FDF9A /* AppDelegate.swift */,
				D726D3BB25BA6666002FDF9A /* SceneDelegate.swift */,
				D726D3BD25BA6666002FDF9A /* ContentView.swift */,
				D726D3D825BA8518002FDF9A /* ToDoItemView.swift */,
				D726D3D125BA78F6002FDF9A /* ToDoItem.swift */,
				D726D3C225BA6667002FDF9A /* Assets.xcassets */,
				D726D3C725BA6667002FDF9A /* LaunchScreen.storyboard */,
				D726D3CA25BA6667002FDF9A /* Info.plist */,
				D726D3BF25BA6666002FDF9A /* CoreDataTodo.xcdatamodeld */,
				D726D3C425BA6667002FDF9A /* Preview Content */,
			);
			path = CoreDataTodo;
			sourceTree = "<group>";
		};
		D726D3C425BA6667002FDF9A /* Preview Content */ = {
			isa = PBXGroup;
			children = (
				D726D3C525BA6667002FDF9A /* Preview Assets.xcassets */,
			);
			path = "Preview Content";
			sourceTree = "<group>";
		};
/* End PBXGroup section */

/* Begin PBXNativeTarget section */
		D726D3B525BA6666002FDF9A /* CoreDataTodo */ = {
			isa = PBXNativeTarget;
			buildConfigurationList = D726D3CD25BA6667002FDF9A /* Build configuration list for PBXNativeTarget "CoreDataTodo" */;
			buildPhases = (
				D726D3B225BA6666002FDF9A /* Sources */,
				D726D3B325BA6666002FDF9A /* Frameworks */,
				D726D3B425BA6666002FDF9A /* Resources */,
			);
			buildRules = (
			);
			dependencies = (
			);
			name = CoreDataTodo;
			productName = CoreDataTodo;
			productReference = D726D3B625BA6666002FDF9A /* CoreDataTodo.app */;
			productType = "com.apple.product-type.application";
		};
/* End PBXNativeTarget section */

/* Begin PBXProject section */
		D726D3AE25BA6666002FDF9A /* Project object */ = {
			isa = PBXProject;
			attributes = {
				LastSwiftUpdateCheck = 1230;
				LastUpgradeCheck = 1230;
				TargetAttributes = {
					D726D3B525BA6666002FDF9A = {
						CreatedOnToolsVersion = 12.3;
					};
				};
			};
			buildConfigurationList = D726D3B125BA6666002FDF9A /* Build configuration list for PBXProject "CoreDataTodo" */;
			compatibilityVersion = "Xcode 9.3";
			developmentRegion = en;
			hasScannedForEncodings = 0;
			knownRegions = (
				en,
				Base,
			);
			mainGroup = D726D3AD25BA6666002FDF9A;
			productRefGroup = D726D3B725BA6666002FDF9A /* Products */;
			projectDirPath = "";
			projectRoot = "";
			targets = (
				D726D3B525BA6666002FDF9A /* CoreDataTodo */,
			);
		};
/* End PBXProject section */

/* Begin PBXResourcesBuildPhase section */
		D726D3B425BA6666002FDF9A /* Resources */ = {
			isa = PBXResourcesBuildPhase;
			buildActionMask = 2147483647;
			files = (
				D726D3C925BA6667002FDF9A /* LaunchScreen.storyboard in Resources */,
				D726D3C625BA6667002FDF9A /* Preview Assets.xcassets in Resources */,
				D726D3C325BA6667002FDF9A /* Assets.xcassets in Resources */,
			);
			runOnlyForDeploymentPostprocessing = 0;
		};
/* End PBXResourcesBuildPhase section */

/* Begin PBXSourcesBuildPhase section */
		D726D3B225BA6666002FDF9A /* Sources */ = {
			isa = PBXSourcesBuildPhase;
			buildActionMask = 2147483647;
			files = (
				D726D3BA25BA6666002FDF9A /* AppDelegate.swift in Sources */,
				D726D3D925BA8518002FDF9A /* ToDoItemView.swift in Sources */,
				D726D3BC25BA6666002FDF9A /* SceneDelegate.swift in Sources */,
				D726D3D225BA78F6002FDF9A /* ToDoItem.swift in Sources */,
				D726D3C125BA6666002FDF9A /* CoreDataTodo.xcdatamodeld in Sources */,
				D726D3BE25BA6666002FDF9A /* ContentView.swift in Sources */,
			);
			runOnlyForDeploymentPostprocessing = 0;
		};
/* End PBXSourcesBuildPhase section */

/* Begin PBXVariantGroup section */
		D726D3C725BA6667002FDF9A /* LaunchScreen.storyboard */ = {
			isa = PBXVariantGroup;
			children = (
				D726D3C825BA6667002FDF9A /* Base */,
			);
			name = LaunchScreen.storyboard;
			sourceTree = "<group>";
		};
/* End PBXVariantGroup section */

/* Begin XCBuildConfiguration section */
		D726D3CB25BA6667002FDF9A /* Debug */ = {
			isa = XCBuildConfiguration;
			buildSettings = {
				ALWAYS_SEARCH_USER_PATHS = NO;
				CLANG_ANALYZER_NONNULL = YES;
				CLANG_ANALYZER_NUMBER_OBJECT_CONVERSION = YES_AGGRESSIVE;
				CLANG_CXX_LANGUAGE_STANDARD = "gnu++14";
				CLANG_CXX_LIBRARY = "libc++";
				CLANG_ENABLE_MODULES = YES;
				CLANG_ENABLE_OBJC_ARC = YES;
				CLANG_ENABLE_OBJC_WEAK = YES;
				CLANG_WARN_BLOCK_CAPTURE_AUTORELEASING = YES;
				CLANG_WARN_BOOL_CONVERSION = YES;
				CLANG_WARN_COMMA = YES;
				CLANG_WARN_CONSTANT_CONVERSION = YES;
				CLANG_WARN_DEPRECATED_OBJC_IMPLEMENTATIONS = YES;
				CLANG_WARN_DIRECT_OBJC_ISA_USAGE = YES_ERROR;
				CLANG_WARN_DOCUMENTATION_COMMENTS = YES;
				CLANG_WARN_EMPTY_BODY = YES;
				CLANG_WARN_ENUM_CONVERSION = YES;
				CLANG_WARN_INFINITE_RECURSION = YES;
				CLANG_WARN_INT_CONVERSION = YES;
				CLANG_WARN_NON_LITERAL_NULL_CONVERSION = YES;
				CLANG_WARN_OBJC_IMPLICIT_RETAIN_SELF = YES;
				CLANG_WARN_OBJC_LITERAL_CONVERSION = YES;
				CLANG_WARN_OBJC_ROOT_CLASS = YES_ERROR;
				CLANG_WARN_QUOTED_INCLUDE_IN_FRAMEWORK_HEADER = YES;
				CLANG_WARN_RANGE_LOOP_ANALYSIS = YES;
				CLANG_WARN_STRICT_PROTOTYPES = YES;
				CLANG_WARN_SUSPICIOUS_MOVE = YES;
				CLANG_WARN_UNGUARDED_AVAILABILITY = YES_AGGRESSIVE;
				CLANG_WARN_UNREACHABLE_CODE = YES;
				CLANG_WARN__DUPLICATE_METHOD_MATCH = YES;
				COPY_PHASE_STRIP = NO;
				DEBUG_INFORMATION_FORMAT = dwarf;
				ENABLE_STRICT_OBJC_MSGSEND = YES;
				ENABLE_TESTABILITY = YES;
				GCC_C_LANGUAGE_STANDARD = gnu11;
				GCC_DYNAMIC_NO_PIC = NO;
				GCC_NO_COMMON_BLOCKS = YES;
				GCC_OPTIMIZATION_LEVEL = 0;
				GCC_PREPROCESSOR_DEFINITIONS = (
					"DEBUG=1",
					"$(inherited)",
				);
				GCC_WARN_64_TO_32_BIT_CONVERSION = YES;
				GCC_WARN_ABOUT_RETURN_TYPE = YES_ERROR;
				GCC_WARN_UNDECLARED_SELECTOR = YES;
				GCC_WARN_UNINITIALIZED_AUTOS = YES_AGGRESSIVE;
				GCC_WARN_UNUSED_FUNCTION = YES;
				GCC_WARN_UNUSED_VARIABLE = YES;
				IPHONEOS_DEPLOYMENT_TARGET = 14.3;
				MTL_ENABLE_DEBUG_INFO = INCLUDE_SOURCE;
				MTL_FAST_MATH = YES;
				ONLY_ACTIVE_ARCH = YES;
				SDKROOT = iphoneos;
				SWIFT_ACTIVE_COMPILATION_CONDITIONS = DEBUG;
				SWIFT_OPTIMIZATION_LEVEL = "-Onone";
			};
			name = Debug;
		};
		D726D3CC25BA6667002FDF9A /* Release */ = {
			isa = XCBuildConfiguration;
			buildSettings = {
				ALWAYS_SEARCH_USER_PATHS = NO;
				CLANG_ANALYZER_NONNULL = YES;
				CLANG_ANALYZER_NUMBER_OBJECT_CONVERSION = YES_AGGRESSIVE;
				CLANG_CXX_LANGUAGE_STANDARD = "gnu++14";
				CLANG_CXX_LIBRARY = "libc++";
				CLANG_ENABLE_MODULES = YES;
				CLANG_ENABLE_OBJC_ARC = YES;
				CLANG_ENABLE_OBJC_WEAK = YES;
				CLANG_WARN_BLOCK_CAPTURE_AUTORELEASING = YES;
				CLANG_WARN_BOOL_CONVERSION = YES;
				CLANG_WARN_COMMA = YES;
				CLANG_WARN_CONSTANT_CONVERSION = YES;
				CLANG_WARN_DEPRECATED_OBJC_IMPLEMENTATIONS = YES;
				CLANG_WARN_DIRECT_OBJC_ISA_USAGE = YES_ERROR;
				CLANG_WARN_DOCUMENTATION_COMMENTS = YES;
				CLANG_WARN_EMPTY_BODY = YES;
				CLANG_WARN_ENUM_CONVERSION = YES;
				CLANG_WARN_INFINITE_RECURSION = YES;
				CLANG_WARN_INT_CONVERSION = YES;
				CLANG_WARN_NON_LITERAL_NULL_CONVERSION = YES;
				CLANG_WARN_OBJC_IMPLICIT_RETAIN_SELF = YES;
				CLANG_WARN_OBJC_LITERAL_CONVERSION = YES;
				CLANG_WARN_OBJC_ROOT_CLASS = YES_ERROR;
				CLANG_WARN_QUOTED_INCLUDE_IN_FRAMEWORK_HEADER = YES;
				CLANG_WARN_RANGE_LOOP_ANALYSIS = YES;
				CLANG_WARN_STRICT_PROTOTYPES = YES;
				CLANG_WARN_SUSPICIOUS_MOVE = YES;
				CLANG_WARN_UNGUARDED_AVAILABILITY = YES_AGGRESSIVE;
				CLANG_WARN_UNREACHABLE_CODE = YES;
				CLANG_WARN__DUPLICATE_METHOD_MATCH = YES;
				COPY_PHASE_STRIP = NO;
				DEBUG_INFORMATION_FORMAT = "dwarf-with-dsym";
				ENABLE_NS_ASSERTIONS = NO;
				ENABLE_STRICT_OBJC_MSGSEND = YES;
				GCC_C_LANGUAGE_STANDARD = gnu11;
				GCC_NO_COMMON_BLOCKS = YES;
				GCC_WARN_64_TO_32_BIT_CONVERSION = YES;
				GCC_WARN_ABOUT_RETURN_TYPE = YES_ERROR;
				GCC_WARN_UNDECLARED_SELECTOR = YES;
				GCC_WARN_UNINITIALIZED_AUTOS = YES_AGGRESSIVE;
				GCC_WARN_UNUSED_FUNCTION = YES;
				GCC_WARN_UNUSED_VARIABLE = YES;
				IPHONEOS_DEPLOYMENT_TARGET = 14.3;
				MTL_ENABLE_DEBUG_INFO = NO;
				MTL_FAST_MATH = YES;
				SDKROOT = iphoneos;
				SWIFT_COMPILATION_MODE = wholemodule;
				SWIFT_OPTIMIZATION_LEVEL = "-O";
				VALIDATE_PRODUCT = YES;
			};
			name = Release;
		};
		D726D3CE25BA6667002FDF9A /* Debug */ = {
			isa = XCBuildConfiguration;
			buildSettings = {
				ASSETCATALOG_COMPILER_APPICON_NAME = AppIcon;
				ASSETCATALOG_COMPILER_GLOBAL_ACCENT_COLOR_NAME = AccentColor;
				CODE_SIGN_STYLE = Automatic;
				DEVELOPMENT_ASSET_PATHS = "\"CoreDataTodo/Preview Content\"";
				ENABLE_PREVIEWS = YES;
				INFOPLIST_FILE = CoreDataTodo/Info.plist;
				LD_RUNPATH_SEARCH_PATHS = (
					"$(inherited)",
					"@executable_path/Frameworks",
				);
				PRODUCT_BUNDLE_IDENTIFIER = "test-app.CoreDataTodo";
				PRODUCT_NAME = "$(TARGET_NAME)";
				SWIFT_VERSION = 5.0;
				TARGETED_DEVICE_FAMILY = "1,2";
			};
			name = Debug;
		};
		D726D3CF25BA6667002FDF9A /* Release */ = {
			isa = XCBuildConfiguration;
			buildSettings = {
				ASSETCATALOG_COMPILER_APPICON_NAME = AppIcon;
				ASSETCATALOG_COMPILER_GLOBAL_ACCENT_COLOR_NAME = AccentColor;
				CODE_SIGN_STYLE = Automatic;
				DEVELOPMENT_ASSET_PATHS = "\"CoreDataTodo/Preview Content\"";
				ENABLE_PREVIEWS = YES;
				INFOPLIST_FILE = CoreDataTodo/Info.plist;
				LD_RUNPATH_SEARCH_PATHS = (
					"$(inherited)",
					"@executable_path/Frameworks",
				);
				PRODUCT_BUNDLE_IDENTIFIER = "test-app.CoreDataTodo";
				PRODUCT_NAME = "$(TARGET_NAME)";
				SWIFT_VERSION = 5.0;
				TARGETED_DEVICE_FAMILY = "1,2";
			};
			name = Release;
		};
/* End XCBuildConfiguration section */

/* Begin XCConfigurationList section */
		D726D3B125BA6666002FDF9A /* Build configuration list for PBXProject "CoreDataTodo" */ = {
			isa = XCConfigurationList;
			buildConfigurations = (
				D726D3CB25BA6667002FDF9A /* Debug */,
				D726D3CC25BA6667002FDF9A /* Release */,
			);
			defaultConfigurationIsVisible = 0;
			defaultConfigurationName = Release;
		};
		D726D3CD25BA6667002FDF9A /* Build configuration list for PBXNativeTarget "CoreDataTodo" */ = {
			isa = XCConfigurationList;
			buildConfigurations = (
				D726D3CE25BA6667002FDF9A /* Debug */,
				D726D3CF25BA6667002FDF9A /* Release */,
			);
			defaultConfigurationIsVisible = 0;
			defaultConfigurationName = Release;
		};
/* End XCConfigurationList section */

/* Begin XCVersionGroup section */
		D726D3BF25BA6666002FDF9A /* CoreDataTodo.xcdatamodeld */ = {
			isa = XCVersionGroup;
			children = (
				D726D3C025BA6666002FDF9A /* CoreDataTodo.xcdatamodel */,
			);
			currentVersion = D726D3C025BA6666002FDF9A /* CoreDataTodo.xcdatamodel */;
			path = CoreDataTodo.xcdatamodeld;
			sourceTree = "<group>";
			versionGroupType = wrapper.xcdatamodel;
		};
/* End XCVersionGroup section */
	};
	rootObject = D726D3AE25BA6666002FDF9A /* Project object */;
}
